
Microsoft Visual Studio Solution File, Format Version 12.00
# Visual Studio Version 17
VisualStudioVersion = 17.4.33213.308
MinimumVisualStudioVersion = 10.0.40219.1
Project("{FAE04EC0-301F-11D3-BF4B-00C04F79EFBC}") = "FileSystem", "FileSystem.csproj", "{8FEE574C-002F-4130-B7BC-09916B32EAD0}"
EndProject
Global
	GlobalSection(SolutionConfigurationPlatforms) = preSolution
		Debug|Any CPU = Debug|Any CPU
		Release|Any CPU = Release|Any CPU
	EndGlobalSection
	GlobalSection(ProjectConfigurationPlatforms) = postSolution
		{8FEE574C-002F-4130-B7BC-09916B32EAD0}.Debug|Any CPU.ActiveCfg = Debug|Any CPU
		{8FEE574C-002F-4130-B7BC-09916B32EAD0}.Debug|Any CPU.Build.0 = Debug|Any CPU
		{8FEE574C-002F-4130-B7BC-09916B32EAD0}.Release|Any CPU.ActiveCfg = Release|Any CPU
		{8FEE574C-002F-4130-B7BC-09916B32EAD0}.Release|Any CPU.Build.0 = Release|Any CPU
	EndGlobalSection
	GlobalSection(SolutionProperties) = preSolution
		HideSolutionNode = FALSE
	EndGlobalSection
	GlobalSection(ExtensibilityGlobals) = postSolution
		SolutionGuid = {13186C40-79CB-4AA9-A4B2-4D8DC84450B4}
	EndGlobalSection
EndGlobal
