
Microsoft Visual Studio Solution File, Format Version 12.00
# Blend for Visual Studio Version 17
VisualStudioVersion = 17.4.33213.308
MinimumVisualStudioVersion = 10.0.40219.1
Project("{9A19103F-16F7-4668-BE54-9A1E7A4F7556}") = "Solid0501", "Solid0501.csproj", "{EB3C4763-FAC4-44B0-8AB9-B059237D9820}"
EndProject
Global
	GlobalSection(SolutionConfigurationPlatforms) = preSolution
		Debug|Any CPU = Debug|Any CPU
		Release|Any CPU = Release|Any CPU
	EndGlobalSection
	GlobalSection(ProjectConfigurationPlatforms) = postSolution
		{EB3C4763-FAC4-44B0-8AB9-B059237D9820}.Debug|Any CPU.ActiveCfg = Debug|Any CPU
		{EB3C4763-FAC4-44B0-8AB9-B059237D9820}.Debug|Any CPU.Build.0 = Debug|Any CPU
		{EB3C4763-FAC4-44B0-8AB9-B059237D9820}.Release|Any CPU.ActiveCfg = Release|Any CPU
		{EB3C4763-FAC4-44B0-8AB9-B059237D9820}.Release|Any CPU.Build.0 = Release|Any CPU
	EndGlobalSection
	GlobalSection(SolutionProperties) = preSolution
		HideSolutionNode = FALSE
	EndGlobalSection
	GlobalSection(ExtensibilityGlobals) = postSolution
		SolutionGuid = {EA238C04-9BFA-40D5-B2FD-14E10962BD4F}
	EndGlobalSection
EndGlobal
