
Microsoft Visual Studio Solution File, Format Version 12.00
# Visual Studio Version 17
VisualStudioVersion = 17.4.33213.308
MinimumVisualStudioVersion = 10.0.40219.1
Project("{FAE04EC0-301F-11D3-BF4B-00C04F79EFBC}") = "TaskExtencions", "TaskExtencions.csproj", "{072D58B8-944C-4AD8-A3CF-58E5AD87CAFE}"
EndProject
Global
	GlobalSection(SolutionConfigurationPlatforms) = preSolution
		Debug|Any CPU = Debug|Any CPU
		Release|Any CPU = Release|Any CPU
	EndGlobalSection
	GlobalSection(ProjectConfigurationPlatforms) = postSolution
		{072D58B8-944C-4AD8-A3CF-58E5AD87CAFE}.Debug|Any CPU.ActiveCfg = Debug|Any CPU
		{072D58B8-944C-4AD8-A3CF-58E5AD87CAFE}.Debug|Any CPU.Build.0 = Debug|Any CPU
		{072D58B8-944C-4AD8-A3CF-58E5AD87CAFE}.Release|Any CPU.ActiveCfg = Release|Any CPU
		{072D58B8-944C-4AD8-A3CF-58E5AD87CAFE}.Release|Any CPU.Build.0 = Release|Any CPU
	EndGlobalSection
	GlobalSection(SolutionProperties) = preSolution
		HideSolutionNode = FALSE
	EndGlobalSection
	GlobalSection(ExtensibilityGlobals) = postSolution
		SolutionGuid = {9F0AB9B8-0FD4-4379-8771-2C69740B8117}
	EndGlobalSection
EndGlobal
