
Microsoft Visual Studio Solution File, Format Version 12.00
# Visual Studio Version 17
VisualStudioVersion = 17.4.33213.308
MinimumVisualStudioVersion = 10.0.40219.1
Project("{FAE04EC0-301F-11D3-BF4B-00C04F79EFBC}") = "MySQLAPP", "MySQLAPP.csproj", "{22E99A84-0B2A-4A4F-B423-3FFF6B1F3CFF}"
EndProject
Global
	GlobalSection(SolutionConfigurationPlatforms) = preSolution
		Debug|Any CPU = Debug|Any CPU
		Release|Any CPU = Release|Any CPU
	EndGlobalSection
	GlobalSection(ProjectConfigurationPlatforms) = postSolution
		{22E99A84-0B2A-4A4F-B423-3FFF6B1F3CFF}.Debug|Any CPU.ActiveCfg = Debug|Any CPU
		{22E99A84-0B2A-4A4F-B423-3FFF6B1F3CFF}.Debug|Any CPU.Build.0 = Debug|Any CPU
		{22E99A84-0B2A-4A4F-B423-3FFF6B1F3CFF}.Release|Any CPU.ActiveCfg = Release|Any CPU
		{22E99A84-0B2A-4A4F-B423-3FFF6B1F3CFF}.Release|Any CPU.Build.0 = Release|Any CPU
	EndGlobalSection
	GlobalSection(SolutionProperties) = preSolution
		HideSolutionNode = FALSE
	EndGlobalSection
	GlobalSection(ExtensibilityGlobals) = postSolution
		SolutionGuid = {00A3C7A2-BBFB-4C95-9F86-31DBA1ABAB87}
	EndGlobalSection
EndGlobal
